
Microsoft Visual Studio Solution File, Format Version 12.00
# Visual Studio Version 17
VisualStudioVersion = 17.9.34526.213
MinimumVisualStudioVersion = 10.0.40219.1
Project("{FAE04EC0-301F-11D3-BF4B-00C04F79EFBC}") = "LinkMaster", "LinkMaster.csproj", "{337A6A1B-19AB-4085-99D1-14F2056F1F9A}"
EndProject
Project("{FAE04EC0-301F-11D3-BF4B-00C04F79EFBC}") = "Pipe Log Viewer", "LogViewer_Receiver\Pipe Log Viewer.csproj", "{F1758761-5873-4BF9-AA92-BC6BBF11CEB9}"
EndProject
Project("{FAE04EC0-301F-11D3-BF4B-00C04F79EFBC}") = "LinkSlave", "LinkSlave\LinkSlave.csproj", "{348EB91F-07DD-4ECC-B898-7A99A3697087}"
EndProject
Project("{FAE04EC0-301F-11D3-BF4B-00C04F79EFBC}") = "Configurator", "Configurator\Configurator.csproj", "{BAD52076-09DD-40DA-9350-0305003644C7}"
EndProject
Project("{FAE04EC0-301F-11D3-BF4B-00C04F79EFBC}") = "TokenFileGenerator", "TokenFileGenerator\TokenFileGenerator.csproj", "{BF27F7AA-8CFA-4935-BDB6-D67E9619EA0F}"
EndProject
Global
	GlobalSection(SolutionConfigurationPlatforms) = preSolution
		Debug|Any CPU = Debug|Any CPU
		Release|Any CPU = Release|Any CPU
	EndGlobalSection
	GlobalSection(ProjectConfigurationPlatforms) = postSolution
		{337A6A1B-19AB-4085-99D1-14F2056F1F9A}.Debug|Any CPU.ActiveCfg = Debug|Any CPU
		{337A6A1B-19AB-4085-99D1-14F2056F1F9A}.Debug|Any CPU.Build.0 = Debug|Any CPU
		{337A6A1B-19AB-4085-99D1-14F2056F1F9A}.Release|Any CPU.ActiveCfg = Release|Any CPU
		{337A6A1B-19AB-4085-99D1-14F2056F1F9A}.Release|Any CPU.Build.0 = Release|Any CPU
		{F1758761-5873-4BF9-AA92-BC6BBF11CEB9}.Debug|Any CPU.ActiveCfg = Debug|Any CPU
		{F1758761-5873-4BF9-AA92-BC6BBF11CEB9}.Debug|Any CPU.Build.0 = Debug|Any CPU
		{F1758761-5873-4BF9-AA92-BC6BBF11CEB9}.Release|Any CPU.ActiveCfg = Release|Any CPU
		{F1758761-5873-4BF9-AA92-BC6BBF11CEB9}.Release|Any CPU.Build.0 = Release|Any CPU
		{348EB91F-07DD-4ECC-B898-7A99A3697087}.Debug|Any CPU.ActiveCfg = Debug|Any CPU
		{348EB91F-07DD-4ECC-B898-7A99A3697087}.Debug|Any CPU.Build.0 = Debug|Any CPU
		{348EB91F-07DD-4ECC-B898-7A99A3697087}.Release|Any CPU.ActiveCfg = Release|Any CPU
		{348EB91F-07DD-4ECC-B898-7A99A3697087}.Release|Any CPU.Build.0 = Release|Any CPU
		{BAD52076-09DD-40DA-9350-0305003644C7}.Debug|Any CPU.ActiveCfg = Debug|Any CPU
		{BAD52076-09DD-40DA-9350-0305003644C7}.Debug|Any CPU.Build.0 = Debug|Any CPU
		{BAD52076-09DD-40DA-9350-0305003644C7}.Release|Any CPU.ActiveCfg = Release|Any CPU
		{BAD52076-09DD-40DA-9350-0305003644C7}.Release|Any CPU.Build.0 = Release|Any CPU
		{BF27F7AA-8CFA-4935-BDB6-D67E9619EA0F}.Debug|Any CPU.ActiveCfg = Debug|Any CPU
		{BF27F7AA-8CFA-4935-BDB6-D67E9619EA0F}.Debug|Any CPU.Build.0 = Debug|Any CPU
		{BF27F7AA-8CFA-4935-BDB6-D67E9619EA0F}.Release|Any CPU.ActiveCfg = Release|Any CPU
		{BF27F7AA-8CFA-4935-BDB6-D67E9619EA0F}.Release|Any CPU.Build.0 = Release|Any CPU
	EndGlobalSection
	GlobalSection(SolutionProperties) = preSolution
		HideSolutionNode = FALSE
	EndGlobalSection
	GlobalSection(ExtensibilityGlobals) = postSolution
		SolutionGuid = {A1299C76-36A1-42FE-9326-8420558D9B3E}
	EndGlobalSection
EndGlobal
